
Microsoft Visual Studio Solution File, Format Version 12.00
# Visual Studio Version 16
VisualStudioVersion = 16.0.29926.136
MinimumVisualStudioVersion = 10.0.40219.1
Project("{FAE04EC0-301F-11D3-BF4B-00C04F79EFBC}") = "FilterWristBandAdult2D", "FilterWristBandAdult2D.csproj", "{02C5AA13-414B-4245-BFDD-25E9906E737B}"
EndProject
Global
	GlobalSection(SolutionConfigurationPlatforms) = preSolution
		Debug|Any CPU = Debug|Any CPU
		Release|Any CPU = Release|Any CPU
	EndGlobalSection
	GlobalSection(ProjectConfigurationPlatforms) = postSolution
		{02C5AA13-414B-4245-BFDD-25E9906E737B}.Debug|Any CPU.ActiveCfg = Debug|Any CPU
		{02C5AA13-414B-4245-BFDD-25E9906E737B}.Debug|Any CPU.Build.0 = Debug|Any CPU
		{02C5AA13-414B-4245-BFDD-25E9906E737B}.Release|Any CPU.ActiveCfg = Release|Any CPU
		{02C5AA13-414B-4245-BFDD-25E9906E737B}.Release|Any CPU.Build.0 = Release|Any CPU
	EndGlobalSection
	GlobalSection(SolutionProperties) = preSolution
		HideSolutionNode = FALSE
	EndGlobalSection
	GlobalSection(ExtensibilityGlobals) = postSolution
		SolutionGuid = {2FC81B4F-F132-4A74-B69A-97032E14438B}
	EndGlobalSection
EndGlobal
